
Microsoft Visual Studio Solution File, Format Version 12.00
# Visual Studio Version 17
VisualStudioVersion = 17.13.35605.110
MinimumVisualStudioVersion = 10.0.40219.1
Project("{8BC9CEB8-8B4A-11D0-8D11-00A0C91BC942}") = "CJSONtest", "CJSONtest\CJSONtest.vcxproj", "{73FFBAC4-17B1-4385-B401-E19566DCA8D6}"
EndProject
Project("{8BC9CEB8-8B4A-11D0-8D11-00A0C91BC942}") = "cJSON", "cJSON\cJSON.vcxproj", "{10DF3F74-165B-41CC-81C7-881A85D8D954}"
EndProject
Global
	GlobalSection(SolutionConfigurationPlatforms) = preSolution
		Debug|x64 = Debug|x64
		Debug|x86 = Debug|x86
		Release|x64 = Release|x64
		Release|x86 = Release|x86
	EndGlobalSection
	GlobalSection(ProjectConfigurationPlatforms) = postSolution
		{73FFBAC4-17B1-4385-B401-E19566DCA8D6}.Debug|x64.ActiveCfg = Debug|x64
		{73FFBAC4-17B1-4385-B401-E19566DCA8D6}.Debug|x64.Build.0 = Debug|x64
		{73FFBAC4-17B1-4385-B401-E19566DCA8D6}.Debug|x86.ActiveCfg = Debug|Win32
		{73FFBAC4-17B1-4385-B401-E19566DCA8D6}.Debug|x86.Build.0 = Debug|Win32
		{73FFBAC4-17B1-4385-B401-E19566DCA8D6}.Release|x64.ActiveCfg = Release|x64
		{73FFBAC4-17B1-4385-B401-E19566DCA8D6}.Release|x64.Build.0 = Release|x64
		{73FFBAC4-17B1-4385-B401-E19566DCA8D6}.Release|x86.ActiveCfg = Release|Win32
		{73FFBAC4-17B1-4385-B401-E19566DCA8D6}.Release|x86.Build.0 = Release|Win32
		{10DF3F74-165B-41CC-81C7-881A85D8D954}.Debug|x64.ActiveCfg = Debug|x64
		{10DF3F74-165B-41CC-81C7-881A85D8D954}.Debug|x64.Build.0 = Debug|x64
		{10DF3F74-165B-41CC-81C7-881A85D8D954}.Debug|x86.ActiveCfg = Debug|Win32
		{10DF3F74-165B-41CC-81C7-881A85D8D954}.Debug|x86.Build.0 = Debug|Win32
		{10DF3F74-165B-41CC-81C7-881A85D8D954}.Release|x64.ActiveCfg = Release|x64
		{10DF3F74-165B-41CC-81C7-881A85D8D954}.Release|x64.Build.0 = Release|x64
		{10DF3F74-165B-41CC-81C7-881A85D8D954}.Release|x86.ActiveCfg = Release|Win32
		{10DF3F74-165B-41CC-81C7-881A85D8D954}.Release|x86.Build.0 = Release|Win32
	EndGlobalSection
	GlobalSection(SolutionProperties) = preSolution
		HideSolutionNode = FALSE
	EndGlobalSection
	GlobalSection(ExtensibilityGlobals) = postSolution
		SolutionGuid = {2BEE1C26-D42C-4C42-856A-05708B36370B}
	EndGlobalSection
EndGlobal
